
Microsoft Visual Studio Solution File, Format Version 12.00
# Visual Studio Version 16
VisualStudioVersion = 16.0.29519.87
MinimumVisualStudioVersion = 10.0.40219.1
Project("{2150E333-8FDC-42A3-9474-1A3956D46DE8}") = "Src", "Src", "{7DB6875B-4450-40E4-9F61-4F5DD95943CF}"
	ProjectSection(SolutionItems) = preProject
		.dockerignore = .dockerignore
		docker-compose.dcproj = docker-compose.dcproj
		docker-compose.override.yml = docker-compose.override.yml
		docker-compose.yml = docker-compose.yml
	EndProjectSection
EndProject
Project("{9A19103F-16F7-4668-BE54-9A1E7A4F7556}") = "Infraero.Relprev.Application", "Infraero.Relprev.Application\Infraero.Relprev.Application.csproj", "{1B372752-52AE-4176-B3E6-6ECFA125D54F}"
EndProject
Project("{9A19103F-16F7-4668-BE54-9A1E7A4F7556}") = "Infraero.Relprev.Domain", "Infraero.Relprev.Domain\Infraero.Relprev.Domain.csproj", "{94183DD7-6AE7-4633-8C49-8F841EFF5916}"
EndProject
Project("{9A19103F-16F7-4668-BE54-9A1E7A4F7556}") = "Infraero.Relprev.Infrastructure", "Infraero.Relprev.Infrastructure\Infraero.Relprev.Infrastructure.csproj", "{557EC499-F0BC-4D36-AC9F-EF35B0C7250C}"
EndProject
Project("{9A19103F-16F7-4668-BE54-9A1E7A4F7556}") = "Infraero.Relprev.WebUi", "Infraero.Relprev.WebUi\Infraero.Relprev.WebUi.csproj", "{BE3485B3-C7E1-4354-AE1A-A1F1CF34942C}"
EndProject
Project("{9A19103F-16F7-4668-BE54-9A1E7A4F7556}") = "Infraero.Relprev.CrossCutting", "Infraero.Relprev.CrossCutting\Infraero.Relprev.CrossCutting.csproj", "{7D26FAB8-80DC-4F83-A0FD-77C9C882999C}"
EndProject
Project("{9A19103F-16F7-4668-BE54-9A1E7A4F7556}") = "Infraero.Relprev.WebApi", "Infraero.Relprev.WebApi\Infraero.Relprev.WebApi.csproj", "{59873463-ADCC-4DCB-AE27-3DBF327C0B1C}"
EndProject
Project("{9A19103F-16F7-4668-BE54-9A1E7A4F7556}") = "Infraero.Relprev.CoreApiClient", "Infraero.Relprev.CoreApiClient\Infraero.Relprev.CoreApiClient.csproj", "{C4A039DB-7B7F-4FCE-958E-86AF44CA1AED}"
EndProject
Global
	GlobalSection(SolutionConfigurationPlatforms) = preSolution
		Debug|Any CPU = Debug|Any CPU
		Debug|x86 = Debug|x86
		Release|Any CPU = Release|Any CPU
		Release|x86 = Release|x86
	EndGlobalSection
	GlobalSection(ProjectConfigurationPlatforms) = postSolution
		{1B372752-52AE-4176-B3E6-6ECFA125D54F}.Debug|Any CPU.ActiveCfg = Debug|Any CPU
		{1B372752-52AE-4176-B3E6-6ECFA125D54F}.Debug|Any CPU.Build.0 = Debug|Any CPU
		{1B372752-52AE-4176-B3E6-6ECFA125D54F}.Debug|x86.ActiveCfg = Debug|Any CPU
		{1B372752-52AE-4176-B3E6-6ECFA125D54F}.Debug|x86.Build.0 = Debug|Any CPU
		{1B372752-52AE-4176-B3E6-6ECFA125D54F}.Release|Any CPU.ActiveCfg = Release|Any CPU
		{1B372752-52AE-4176-B3E6-6ECFA125D54F}.Release|Any CPU.Build.0 = Release|Any CPU
		{1B372752-52AE-4176-B3E6-6ECFA125D54F}.Release|x86.ActiveCfg = Release|Any CPU
		{1B372752-52AE-4176-B3E6-6ECFA125D54F}.Release|x86.Build.0 = Release|Any CPU
		{94183DD7-6AE7-4633-8C49-8F841EFF5916}.Debug|Any CPU.ActiveCfg = Debug|Any CPU
		{94183DD7-6AE7-4633-8C49-8F841EFF5916}.Debug|Any CPU.Build.0 = Debug|Any CPU
		{94183DD7-6AE7-4633-8C49-8F841EFF5916}.Debug|x86.ActiveCfg = Debug|Any CPU
		{94183DD7-6AE7-4633-8C49-8F841EFF5916}.Debug|x86.Build.0 = Debug|Any CPU
		{94183DD7-6AE7-4633-8C49-8F841EFF5916}.Release|Any CPU.ActiveCfg = Release|Any CPU
		{94183DD7-6AE7-4633-8C49-8F841EFF5916}.Release|Any CPU.Build.0 = Release|Any CPU
		{94183DD7-6AE7-4633-8C49-8F841EFF5916}.Release|x86.ActiveCfg = Release|Any CPU
		{94183DD7-6AE7-4633-8C49-8F841EFF5916}.Release|x86.Build.0 = Release|Any CPU
		{557EC499-F0BC-4D36-AC9F-EF35B0C7250C}.Debug|Any CPU.ActiveCfg = Debug|Any CPU
		{557EC499-F0BC-4D36-AC9F-EF35B0C7250C}.Debug|Any CPU.Build.0 = Debug|Any CPU
		{557EC499-F0BC-4D36-AC9F-EF35B0C7250C}.Debug|x86.ActiveCfg = Debug|Any CPU
		{557EC499-F0BC-4D36-AC9F-EF35B0C7250C}.Debug|x86.Build.0 = Debug|Any CPU
		{557EC499-F0BC-4D36-AC9F-EF35B0C7250C}.Release|Any CPU.ActiveCfg = Release|Any CPU
		{557EC499-F0BC-4D36-AC9F-EF35B0C7250C}.Release|Any CPU.Build.0 = Release|Any CPU
		{557EC499-F0BC-4D36-AC9F-EF35B0C7250C}.Release|x86.ActiveCfg = Release|Any CPU
		{557EC499-F0BC-4D36-AC9F-EF35B0C7250C}.Release|x86.Build.0 = Release|Any CPU
		{BE3485B3-C7E1-4354-AE1A-A1F1CF34942C}.Debug|Any CPU.ActiveCfg = Debug|Any CPU
		{BE3485B3-C7E1-4354-AE1A-A1F1CF34942C}.Debug|Any CPU.Build.0 = Debug|Any CPU
		{BE3485B3-C7E1-4354-AE1A-A1F1CF34942C}.Debug|x86.ActiveCfg = Debug|Any CPU
		{BE3485B3-C7E1-4354-AE1A-A1F1CF34942C}.Debug|x86.Build.0 = Debug|Any CPU
		{BE3485B3-C7E1-4354-AE1A-A1F1CF34942C}.Release|Any CPU.ActiveCfg = Release|Any CPU
		{BE3485B3-C7E1-4354-AE1A-A1F1CF34942C}.Release|Any CPU.Build.0 = Release|Any CPU
		{BE3485B3-C7E1-4354-AE1A-A1F1CF34942C}.Release|x86.ActiveCfg = Release|Any CPU
		{BE3485B3-C7E1-4354-AE1A-A1F1CF34942C}.Release|x86.Build.0 = Release|Any CPU
		{7D26FAB8-80DC-4F83-A0FD-77C9C882999C}.Debug|Any CPU.ActiveCfg = Debug|Any CPU
		{7D26FAB8-80DC-4F83-A0FD-77C9C882999C}.Debug|Any CPU.Build.0 = Debug|Any CPU
		{7D26FAB8-80DC-4F83-A0FD-77C9C882999C}.Debug|x86.ActiveCfg = Debug|Any CPU
		{7D26FAB8-80DC-4F83-A0FD-77C9C882999C}.Debug|x86.Build.0 = Debug|Any CPU
		{7D26FAB8-80DC-4F83-A0FD-77C9C882999C}.Release|Any CPU.ActiveCfg = Release|Any CPU
		{7D26FAB8-80DC-4F83-A0FD-77C9C882999C}.Release|Any CPU.Build.0 = Release|Any CPU
		{7D26FAB8-80DC-4F83-A0FD-77C9C882999C}.Release|x86.ActiveCfg = Release|Any CPU
		{7D26FAB8-80DC-4F83-A0FD-77C9C882999C}.Release|x86.Build.0 = Release|Any CPU
		{59873463-ADCC-4DCB-AE27-3DBF327C0B1C}.Debug|Any CPU.ActiveCfg = Debug|Any CPU
		{59873463-ADCC-4DCB-AE27-3DBF327C0B1C}.Debug|Any CPU.Build.0 = Debug|Any CPU
		{59873463-ADCC-4DCB-AE27-3DBF327C0B1C}.Debug|x86.ActiveCfg = Debug|Any CPU
		{59873463-ADCC-4DCB-AE27-3DBF327C0B1C}.Debug|x86.Build.0 = Debug|Any CPU
		{59873463-ADCC-4DCB-AE27-3DBF327C0B1C}.Release|Any CPU.ActiveCfg = Release|Any CPU
		{59873463-ADCC-4DCB-AE27-3DBF327C0B1C}.Release|Any CPU.Build.0 = Release|Any CPU
		{59873463-ADCC-4DCB-AE27-3DBF327C0B1C}.Release|x86.ActiveCfg = Release|Any CPU
		{59873463-ADCC-4DCB-AE27-3DBF327C0B1C}.Release|x86.Build.0 = Release|Any CPU
		{C4A039DB-7B7F-4FCE-958E-86AF44CA1AED}.Debug|Any CPU.ActiveCfg = Debug|Any CPU
		{C4A039DB-7B7F-4FCE-958E-86AF44CA1AED}.Debug|Any CPU.Build.0 = Debug|Any CPU
		{C4A039DB-7B7F-4FCE-958E-86AF44CA1AED}.Debug|x86.ActiveCfg = Debug|Any CPU
		{C4A039DB-7B7F-4FCE-958E-86AF44CA1AED}.Debug|x86.Build.0 = Debug|Any CPU
		{C4A039DB-7B7F-4FCE-958E-86AF44CA1AED}.Release|Any CPU.ActiveCfg = Release|Any CPU
		{C4A039DB-7B7F-4FCE-958E-86AF44CA1AED}.Release|Any CPU.Build.0 = Release|Any CPU
		{C4A039DB-7B7F-4FCE-958E-86AF44CA1AED}.Release|x86.ActiveCfg = Release|Any CPU
		{C4A039DB-7B7F-4FCE-958E-86AF44CA1AED}.Release|x86.Build.0 = Release|Any CPU
	EndGlobalSection
	GlobalSection(SolutionProperties) = preSolution
		HideSolutionNode = FALSE
	EndGlobalSection
	GlobalSection(NestedProjects) = preSolution
		{1B372752-52AE-4176-B3E6-6ECFA125D54F} = {7DB6875B-4450-40E4-9F61-4F5DD95943CF}
		{94183DD7-6AE7-4633-8C49-8F841EFF5916} = {7DB6875B-4450-40E4-9F61-4F5DD95943CF}
		{557EC499-F0BC-4D36-AC9F-EF35B0C7250C} = {7DB6875B-4450-40E4-9F61-4F5DD95943CF}
		{BE3485B3-C7E1-4354-AE1A-A1F1CF34942C} = {7DB6875B-4450-40E4-9F61-4F5DD95943CF}
		{7D26FAB8-80DC-4F83-A0FD-77C9C882999C} = {7DB6875B-4450-40E4-9F61-4F5DD95943CF}
		{59873463-ADCC-4DCB-AE27-3DBF327C0B1C} = {7DB6875B-4450-40E4-9F61-4F5DD95943CF}
		{C4A039DB-7B7F-4FCE-958E-86AF44CA1AED} = {7DB6875B-4450-40E4-9F61-4F5DD95943CF}
	EndGlobalSection
	GlobalSection(ExtensibilityGlobals) = postSolution
		SolutionGuid = {D999A3EB-F5FD-4CC1-883F-D6567E977754}
	EndGlobalSection
EndGlobal
