
Microsoft Visual Studio Solution File, Format Version 12.00
# Visual Studio Version 16
VisualStudioVersion = 16.0.29519.87
MinimumVisualStudioVersion = 10.0.40219.1
Project("{2150E333-8FDC-42A3-9474-1A3956D46DE8}") = "Docs", "Docs", "{FA107194-B28F-415C-BE95-5C89DAA046B9}"
	ProjectSection(SolutionItems) = preProject
		..\..\DDS\53\2019-00053-001-239_SQL-DataBase.sql = ..\..\DDS\53\2019-00053-001-239_SQL-DataBase.sql
		ReadMe.txt = ReadMe.txt
	EndProjectSection
EndProject
Project("{2150E333-8FDC-42A3-9474-1A3956D46DE8}") = "Src", "Src", "{7DB6875B-4450-40E4-9F61-4F5DD95943CF}"
EndProject
Project("{2150E333-8FDC-42A3-9474-1A3956D46DE8}") = "Tests", "Tests", "{CE952BD7-AEA7-444D-BA9C-481BC3D88F02}"
EndProject
Project("{9A19103F-16F7-4668-BE54-9A1E7A4F7556}") = "Infraero.Relprev.Application", "Infraero.Relprev.Application\Infraero.Relprev.Application.csproj", "{1B372752-52AE-4176-B3E6-6ECFA125D54F}"
EndProject
Project("{9A19103F-16F7-4668-BE54-9A1E7A4F7556}") = "Infraero.Relprev.Domain", "Infraero.Relprev.Domain\Infraero.Relprev.Domain.csproj", "{94183DD7-6AE7-4633-8C49-8F841EFF5916}"
EndProject
Project("{9A19103F-16F7-4668-BE54-9A1E7A4F7556}") = "Infraero.Relprev.Infrastructure", "Infraero.Relprev.Infrastructure\Infraero.Relprev.Infrastructure.csproj", "{557EC499-F0BC-4D36-AC9F-EF35B0C7250C}"
EndProject
Project("{9A19103F-16F7-4668-BE54-9A1E7A4F7556}") = "Infraero.Relprev.WebApi", "Infraero.Relprev.WebApi\Infraero.Relprev.WebApi.csproj", "{DE28B9D5-3D00-468D-A370-55C81EADF08F}"
EndProject
Project("{9A19103F-16F7-4668-BE54-9A1E7A4F7556}") = "Infraero.Relprev.Application.UnitTests", "Infraero.Relprev.Application.UnitTests\Infraero.Relprev.Application.UnitTests.csproj", "{5FAE3441-DBAA-4C49-B837-EA31BF20BF97}"
EndProject
Project("{9A19103F-16F7-4668-BE54-9A1E7A4F7556}") = "Infraero.Relprev.Domain.UnitTests", "Infraero.Relprev.Domain.UnitTests\Infraero.Relprev.Domain.UnitTests.csproj", "{9A48475A-9C82-4637-8B35-F5175B2C1EC4}"
EndProject
Project("{9A19103F-16F7-4668-BE54-9A1E7A4F7556}") = "Infraero.Relprev.Infrastructure.IntegrationTests", "Infraero.Relprev.Infrastructure.IntegrationTests\Infraero.Relprev.Infrastructure.IntegrationTests.csproj", "{9DE47304-119D-4777-8523-42A066F0AA99}"
EndProject
Project("{9A19103F-16F7-4668-BE54-9A1E7A4F7556}") = "Infraero.Relprev.WebUi", "Infraero.Relprev.WebUi\Infraero.Relprev.WebUi.csproj", "{BE3485B3-C7E1-4354-AE1A-A1F1CF34942C}"
EndProject
Project("{9A19103F-16F7-4668-BE54-9A1E7A4F7556}") = "Infraero.Relprev.WebApi.IntegrationTests", "Infraero.Relprev.WebApi.IntegrationTests\Infraero.Relprev.WebApi.IntegrationTests.csproj", "{92DF9B18-5496-49EC-A9CD-E65D82C0F3BC}"
EndProject
Global
	GlobalSection(SolutionConfigurationPlatforms) = preSolution
		Debug|Any CPU = Debug|Any CPU
		Release|Any CPU = Release|Any CPU
	EndGlobalSection
	GlobalSection(ProjectConfigurationPlatforms) = postSolution
		{1B372752-52AE-4176-B3E6-6ECFA125D54F}.Debug|Any CPU.ActiveCfg = Debug|Any CPU
		{1B372752-52AE-4176-B3E6-6ECFA125D54F}.Debug|Any CPU.Build.0 = Debug|Any CPU
		{1B372752-52AE-4176-B3E6-6ECFA125D54F}.Release|Any CPU.ActiveCfg = Release|Any CPU
		{1B372752-52AE-4176-B3E6-6ECFA125D54F}.Release|Any CPU.Build.0 = Release|Any CPU
		{94183DD7-6AE7-4633-8C49-8F841EFF5916}.Debug|Any CPU.ActiveCfg = Debug|Any CPU
		{94183DD7-6AE7-4633-8C49-8F841EFF5916}.Debug|Any CPU.Build.0 = Debug|Any CPU
		{94183DD7-6AE7-4633-8C49-8F841EFF5916}.Release|Any CPU.ActiveCfg = Release|Any CPU
		{94183DD7-6AE7-4633-8C49-8F841EFF5916}.Release|Any CPU.Build.0 = Release|Any CPU
		{557EC499-F0BC-4D36-AC9F-EF35B0C7250C}.Debug|Any CPU.ActiveCfg = Debug|Any CPU
		{557EC499-F0BC-4D36-AC9F-EF35B0C7250C}.Debug|Any CPU.Build.0 = Debug|Any CPU
		{557EC499-F0BC-4D36-AC9F-EF35B0C7250C}.Release|Any CPU.ActiveCfg = Release|Any CPU
		{557EC499-F0BC-4D36-AC9F-EF35B0C7250C}.Release|Any CPU.Build.0 = Release|Any CPU
		{DE28B9D5-3D00-468D-A370-55C81EADF08F}.Debug|Any CPU.ActiveCfg = Debug|Any CPU
		{DE28B9D5-3D00-468D-A370-55C81EADF08F}.Debug|Any CPU.Build.0 = Debug|Any CPU
		{DE28B9D5-3D00-468D-A370-55C81EADF08F}.Release|Any CPU.ActiveCfg = Release|Any CPU
		{DE28B9D5-3D00-468D-A370-55C81EADF08F}.Release|Any CPU.Build.0 = Release|Any CPU
		{5FAE3441-DBAA-4C49-B837-EA31BF20BF97}.Debug|Any CPU.ActiveCfg = Debug|Any CPU
		{5FAE3441-DBAA-4C49-B837-EA31BF20BF97}.Debug|Any CPU.Build.0 = Debug|Any CPU
		{5FAE3441-DBAA-4C49-B837-EA31BF20BF97}.Release|Any CPU.ActiveCfg = Release|Any CPU
		{5FAE3441-DBAA-4C49-B837-EA31BF20BF97}.Release|Any CPU.Build.0 = Release|Any CPU
		{9A48475A-9C82-4637-8B35-F5175B2C1EC4}.Debug|Any CPU.ActiveCfg = Debug|Any CPU
		{9A48475A-9C82-4637-8B35-F5175B2C1EC4}.Debug|Any CPU.Build.0 = Debug|Any CPU
		{9A48475A-9C82-4637-8B35-F5175B2C1EC4}.Release|Any CPU.ActiveCfg = Release|Any CPU
		{9A48475A-9C82-4637-8B35-F5175B2C1EC4}.Release|Any CPU.Build.0 = Release|Any CPU
		{9DE47304-119D-4777-8523-42A066F0AA99}.Debug|Any CPU.ActiveCfg = Debug|Any CPU
		{9DE47304-119D-4777-8523-42A066F0AA99}.Debug|Any CPU.Build.0 = Debug|Any CPU
		{9DE47304-119D-4777-8523-42A066F0AA99}.Release|Any CPU.ActiveCfg = Release|Any CPU
		{9DE47304-119D-4777-8523-42A066F0AA99}.Release|Any CPU.Build.0 = Release|Any CPU
		{BE3485B3-C7E1-4354-AE1A-A1F1CF34942C}.Debug|Any CPU.ActiveCfg = Debug|Any CPU
		{BE3485B3-C7E1-4354-AE1A-A1F1CF34942C}.Debug|Any CPU.Build.0 = Debug|Any CPU
		{BE3485B3-C7E1-4354-AE1A-A1F1CF34942C}.Release|Any CPU.ActiveCfg = Release|Any CPU
		{BE3485B3-C7E1-4354-AE1A-A1F1CF34942C}.Release|Any CPU.Build.0 = Release|Any CPU
		{92DF9B18-5496-49EC-A9CD-E65D82C0F3BC}.Debug|Any CPU.ActiveCfg = Debug|Any CPU
		{92DF9B18-5496-49EC-A9CD-E65D82C0F3BC}.Debug|Any CPU.Build.0 = Debug|Any CPU
		{92DF9B18-5496-49EC-A9CD-E65D82C0F3BC}.Release|Any CPU.ActiveCfg = Release|Any CPU
		{92DF9B18-5496-49EC-A9CD-E65D82C0F3BC}.Release|Any CPU.Build.0 = Release|Any CPU
	EndGlobalSection
	GlobalSection(SolutionProperties) = preSolution
		HideSolutionNode = FALSE
	EndGlobalSection
	GlobalSection(NestedProjects) = preSolution
		{1B372752-52AE-4176-B3E6-6ECFA125D54F} = {7DB6875B-4450-40E4-9F61-4F5DD95943CF}
		{94183DD7-6AE7-4633-8C49-8F841EFF5916} = {7DB6875B-4450-40E4-9F61-4F5DD95943CF}
		{557EC499-F0BC-4D36-AC9F-EF35B0C7250C} = {7DB6875B-4450-40E4-9F61-4F5DD95943CF}
		{DE28B9D5-3D00-468D-A370-55C81EADF08F} = {7DB6875B-4450-40E4-9F61-4F5DD95943CF}
		{5FAE3441-DBAA-4C49-B837-EA31BF20BF97} = {CE952BD7-AEA7-444D-BA9C-481BC3D88F02}
		{9A48475A-9C82-4637-8B35-F5175B2C1EC4} = {CE952BD7-AEA7-444D-BA9C-481BC3D88F02}
		{9DE47304-119D-4777-8523-42A066F0AA99} = {CE952BD7-AEA7-444D-BA9C-481BC3D88F02}
		{BE3485B3-C7E1-4354-AE1A-A1F1CF34942C} = {7DB6875B-4450-40E4-9F61-4F5DD95943CF}
		{92DF9B18-5496-49EC-A9CD-E65D82C0F3BC} = {CE952BD7-AEA7-444D-BA9C-481BC3D88F02}
	EndGlobalSection
	GlobalSection(ExtensibilityGlobals) = postSolution
		SolutionGuid = {D999A3EB-F5FD-4CC1-883F-D6567E977754}
	EndGlobalSection
EndGlobal
